
Microsoft Visual Studio Solution File, Format Version 12.00
# Visual Studio Version 17
VisualStudioVersion = 17.9.34701.34
MinimumVisualStudioVersion = 10.0.40219.1
Project("{FAE04EC0-301F-11D3-BF4B-00C04F79EFBC}") = "OopOdev2", "OopOdev2\OopOdev2.csproj", "{26C01874-FFFA-4AB0-A6B7-5F313F7B3E89}"
EndProject
Global
	GlobalSection(SolutionConfigurationPlatforms) = preSolution
		Debug|Any CPU = Debug|Any CPU
		Release|Any CPU = Release|Any CPU
	EndGlobalSection
	GlobalSection(ProjectConfigurationPlatforms) = postSolution
		{26C01874-FFFA-4AB0-A6B7-5F313F7B3E89}.Debug|Any CPU.ActiveCfg = Debug|Any CPU
		{26C01874-FFFA-4AB0-A6B7-5F313F7B3E89}.Debug|Any CPU.Build.0 = Debug|Any CPU
		{26C01874-FFFA-4AB0-A6B7-5F313F7B3E89}.Release|Any CPU.ActiveCfg = Release|Any CPU
		{26C01874-FFFA-4AB0-A6B7-5F313F7B3E89}.Release|Any CPU.Build.0 = Release|Any CPU
	EndGlobalSection
	GlobalSection(SolutionProperties) = preSolution
		HideSolutionNode = FALSE
	EndGlobalSection
	GlobalSection(ExtensibilityGlobals) = postSolution
		SolutionGuid = {903AEB0D-567E-47B7-B757-453C015373EC}
	EndGlobalSection
EndGlobal
